{
  "nodes": {
    "makes": {
      "inputs": {
        "nixpkgs": "nixpkgs"
      },
      "locked": {
        "lastModified": 1718642562,
        "narHash": "sha256-Zma+WJHFOOId/i/jrNamYxz7LTX2wPnnoTarlTop0Ws=",
        "owner": "fluidattacks",
        "repo": "makes",
        "rev": "dcb3432e36a87b38e89530e6ca10d3dfa80c36ad",
        "type": "github"
      },
      "original": {
        "owner": "fluidattacks",
        "repo": "makes",
        "type": "github"
      }
    },
    "nix_filter": {
      "locked": {
        "lastModified": 1710156097,
        "narHash": "sha256-1Wvk8UP7PXdf8bCCaEoMnOT1qe5/Duqgj+rL8sRQsSM=",
        "owner": "numtide",
        "repo": "nix-filter",
        "rev": "3342559a24e85fc164b295c3444e8a139924675b",
        "type": "github"
      },
      "original": {
        "owner": "numtide",
        "repo": "nix-filter",
        "type": "github"
      }
    },
    "nixpkgs": {
      "locked": {
        "lastModified": 1667092106,
        "narHash": "sha256-ZQwHNd/RemupaV52ePNNv4Kp+LHzPjssEAumLijum4E=",
        "owner": "nix-community",
        "repo": "nixpkgs.lib",
        "rev": "2c15a4c90737d33309daf869bae0daaa35eeb264",
        "type": "github"
      },
      "original": {
        "owner": "nix-community",
        "repo": "nixpkgs.lib",
        "type": "github"
      }
    },
    "nixpkgs_2": {
      "locked": {
        "lastModified": 1719080280,
        "narHash": "sha256-BBIherhYksOLQjlqh72/SvKLvdHgDyySaQD6rEm+n8Y=",
        "owner": "nixos",
        "repo": "nixpkgs",
        "rev": "74d8dda4f86d6328a713575310ff7883547412c0",
        "type": "github"
      },
      "original": {
        "owner": "nixos",
        "repo": "nixpkgs",
        "type": "github"
      }
    },
    "root": {
      "inputs": {
        "makes": "makes",
        "nix_filter": "nix_filter",
        "nixpkgs": "nixpkgs_2"
      }
    }
  },
  "root": "root",
  "version": 7
}
